
Microsoft Visual Studio Solution File, Format Version 12.00
Project("{FAE04EC0-301F-11D3-BF4B-00C04F79EFBC}") = "LABA6_SHARPI", "LABA6_SHARPI\LABA6_SHARPI.csproj", "{8D4ACABF-E22D-485F-BF14-C008F867AFD4}"
EndProject
Global
	GlobalSection(SolutionConfigurationPlatforms) = preSolution
		Debug|Any CPU = Debug|Any CPU
		Release|Any CPU = Release|Any CPU
	EndGlobalSection
	GlobalSection(ProjectConfigurationPlatforms) = postSolution
		{8D4ACABF-E22D-485F-BF14-C008F867AFD4}.Debug|Any CPU.ActiveCfg = Debug|Any CPU
		{8D4ACABF-E22D-485F-BF14-C008F867AFD4}.Debug|Any CPU.Build.0 = Debug|Any CPU
		{8D4ACABF-E22D-485F-BF14-C008F867AFD4}.Release|Any CPU.ActiveCfg = Release|Any CPU
		{8D4ACABF-E22D-485F-BF14-C008F867AFD4}.Release|Any CPU.Build.0 = Release|Any CPU
	EndGlobalSection
EndGlobal
