
Microsoft Visual Studio Solution File, Format Version 12.00
Project("{FAE04EC0-301F-11D3-BF4B-00C04F79EFBC}") = "LABA9_SHARPI", "LABA9_SHARPI\LABA9_SHARPI.csproj", "{EC02CF80-188F-437C-9037-4C08C8770BB2}"
EndProject
Global
	GlobalSection(SolutionConfigurationPlatforms) = preSolution
		Debug|Any CPU = Debug|Any CPU
		Release|Any CPU = Release|Any CPU
	EndGlobalSection
	GlobalSection(ProjectConfigurationPlatforms) = postSolution
		{EC02CF80-188F-437C-9037-4C08C8770BB2}.Debug|Any CPU.ActiveCfg = Debug|Any CPU
		{EC02CF80-188F-437C-9037-4C08C8770BB2}.Debug|Any CPU.Build.0 = Debug|Any CPU
		{EC02CF80-188F-437C-9037-4C08C8770BB2}.Release|Any CPU.ActiveCfg = Release|Any CPU
		{EC02CF80-188F-437C-9037-4C08C8770BB2}.Release|Any CPU.Build.0 = Release|Any CPU
	EndGlobalSection
EndGlobal
