
Microsoft Visual Studio Solution File, Format Version 12.00
Project("{FAE04EC0-301F-11D3-BF4B-00C04F79EFBC}") = "TASK1", "TASK1\TASK1.csproj", "{BB909839-7B22-4927-9B50-4A683EDACF3C}"
EndProject
Project("{FAE04EC0-301F-11D3-BF4B-00C04F79EFBC}") = "TASK2", "TASK2\TASK2.csproj", "{7B459BE7-54E0-4D62-825A-959D4E68BB19}"
EndProject
Global
	GlobalSection(SolutionConfigurationPlatforms) = preSolution
		Debug|Any CPU = Debug|Any CPU
		Release|Any CPU = Release|Any CPU
	EndGlobalSection
	GlobalSection(ProjectConfigurationPlatforms) = postSolution
		{BB909839-7B22-4927-9B50-4A683EDACF3C}.Debug|Any CPU.ActiveCfg = Debug|Any CPU
		{BB909839-7B22-4927-9B50-4A683EDACF3C}.Debug|Any CPU.Build.0 = Debug|Any CPU
		{BB909839-7B22-4927-9B50-4A683EDACF3C}.Release|Any CPU.ActiveCfg = Release|Any CPU
		{BB909839-7B22-4927-9B50-4A683EDACF3C}.Release|Any CPU.Build.0 = Release|Any CPU
		{7B459BE7-54E0-4D62-825A-959D4E68BB19}.Debug|Any CPU.ActiveCfg = Debug|Any CPU
		{7B459BE7-54E0-4D62-825A-959D4E68BB19}.Debug|Any CPU.Build.0 = Debug|Any CPU
		{7B459BE7-54E0-4D62-825A-959D4E68BB19}.Release|Any CPU.ActiveCfg = Release|Any CPU
		{7B459BE7-54E0-4D62-825A-959D4E68BB19}.Release|Any CPU.Build.0 = Release|Any CPU
	EndGlobalSection
EndGlobal
